// !$*UTF8*$!
{
	archiveVersion = 1;
	classes = {
	};
	objectVersion = 50;
	objects = {

/* Begin PBXBuildFile section */
		53C71B9226F309E400E286B4 /* AppDelegate.swift in Sources */ = {isa = PBXBuildFile; fileRef = 53C71B9126F309E400E286B4 /* AppDelegate.swift */; };
		53C71B9426F309E400E286B4 /* SceneDelegate.swift in Sources */ = {isa = PBXBuildFile; fileRef = 53C71B9326F309E400E286B4 /* SceneDelegate.swift */; };
		53C71B9626F309E400E286B4 /* ContentView.swift in Sources */ = {isa = PBXBuildFile; fileRef = 53C71B9526F309E400E286B4 /* ContentView.swift */; };
		53C71B9826F309E500E286B4 /* Assets.xcassets in Resources */ = {isa = PBXBuildFile; fileRef = 53C71B9726F309E500E286B4 /* Assets.xcassets */; };
		53C71B9B26F309E500E286B4 /* Preview Assets.xcassets in Resources */ = {isa = PBXBuildFile; fileRef = 53C71B9A26F309E500E286B4 /* Preview Assets.xcassets */; };
		53C71B9E26F309E500E286B4 /* LaunchScreen.storyboard in Resources */ = {isa = PBXBuildFile; fileRef = 53C71B9C26F309E500E286B4 /* LaunchScreen.storyboard */; };
		53C71BA926F309E600E286B4 /* H4XOR_NewsTests.swift in Sources */ = {isa = PBXBuildFile; fileRef = 53C71BA826F309E600E286B4 /* H4XOR_NewsTests.swift */; };
		53C71BB426F309E600E286B4 /* H4XOR_NewsUITests.swift in Sources */ = {isa = PBXBuildFile; fileRef = 53C71BB326F309E600E286B4 /* H4XOR_NewsUITests.swift */; };
		53C71BC326F30DF700E286B4 /* NetworkManager.swift in Sources */ = {isa = PBXBuildFile; fileRef = 53C71BC226F30DF700E286B4 /* NetworkManager.swift */; };
		53C71BC526F30F6200E286B4 /* PostData.swift in Sources */ = {isa = PBXBuildFile; fileRef = 53C71BC426F30F6100E286B4 /* PostData.swift */; };
		53C71BC826F3169300E286B4 /* DetailView.swift in Sources */ = {isa = PBXBuildFile; fileRef = 53C71BC726F3169300E286B4 /* DetailView.swift */; };
		53C71BCA26F3190D00E286B4 /* WebView.swift in Sources */ = {isa = PBXBuildFile; fileRef = 53C71BC926F3190D00E286B4 /* WebView.swift */; };
/* End PBXBuildFile section */

/* Begin PBXContainerItemProxy section */
		53C71BA526F309E600E286B4 /* PBXContainerItemProxy */ = {
			isa = PBXContainerItemProxy;
			containerPortal = 53C71B8626F309E400E286B4 /* Project object */;
			proxyType = 1;
			remoteGlobalIDString = 53C71B8D26F309E400E286B4;
			remoteInfo = "H4XOR News";
		};
		53C71BB026F309E600E286B4 /* PBXContainerItemProxy */ = {
			isa = PBXContainerItemProxy;
			containerPortal = 53C71B8626F309E400E286B4 /* Project object */;
			proxyType = 1;
			remoteGlobalIDString = 53C71B8D26F309E400E286B4;
			remoteInfo = "H4XOR News";
		};
/* End PBXContainerItemProxy section */

/* Begin PBXFileReference section */
		53C71B8E26F309E400E286B4 /* H4XOR News.app */ = {isa = PBXFileReference; explicitFileType = wrapper.application; includeInIndex = 0; path = "H4XOR News.app"; sourceTree = BUILT_PRODUCTS_DIR; };
		53C71B9126F309E400E286B4 /* AppDelegate.swift */ = {isa = PBXFileReference; lastKnownFileType = sourcecode.swift; path = AppDelegate.swift; sourceTree = "<group>"; };
		53C71B9326F309E400E286B4 /* SceneDelegate.swift */ = {isa = PBXFileReference; lastKnownFileType = sourcecode.swift; path = SceneDelegate.swift; sourceTree = "<group>"; };
		53C71B9526F309E400E286B4 /* ContentView.swift */ = {isa = PBXFileReference; lastKnownFileType = sourcecode.swift; path = ContentView.swift; sourceTree = "<group>"; };
		53C71B9726F309E500E286B4 /* Assets.xcassets */ = {isa = PBXFileReference; lastKnownFileType = folder.assetcatalog; path = Assets.xcassets; sourceTree = "<group>"; };
		53C71B9A26F309E500E286B4 /* Preview Assets.xcassets */ = {isa = PBXFileReference; lastKnownFileType = folder.assetcatalog; path = "Preview Assets.xcassets"; sourceTree = "<group>"; };
		53C71B9D26F309E500E286B4 /* Base */ = {isa = PBXFileReference; lastKnownFileType = file.storyboard; name = Base; path = Base.lproj/LaunchScreen.storyboard; sourceTree = "<group>"; };
		53C71B9F26F309E500E286B4 /* Info.plist */ = {isa = PBXFileReference; lastKnownFileType = text.plist.xml; path = Info.plist; sourceTree = "<group>"; };
		53C71BA426F309E500E286B4 /* H4XOR NewsTests.xctest */ = {isa = PBXFileReference; explicitFileType = wrapper.cfbundle; includeInIndex = 0; path = "H4XOR NewsTests.xctest"; sourceTree = BUILT_PRODUCTS_DIR; };
		53C71BA826F309E600E286B4 /* H4XOR_NewsTests.swift */ = {isa = PBXFileReference; lastKnownFileType = sourcecode.swift; path = H4XOR_NewsTests.swift; sourceTree = "<group>"; };
		53C71BAA26F309E600E286B4 /* Info.plist */ = {isa = PBXFileReference; lastKnownFileType = text.plist.xml; path = Info.plist; sourceTree = "<group>"; };
		53C71BAF26F309E600E286B4 /* H4XOR NewsUITests.xctest */ = {isa = PBXFileReference; explicitFileType = wrapper.cfbundle; includeInIndex = 0; path = "H4XOR NewsUITests.xctest"; sourceTree = BUILT_PRODUCTS_DIR; };
		53C71BB326F309E600E286B4 /* H4XOR_NewsUITests.swift */ = {isa = PBXFileReference; lastKnownFileType = sourcecode.swift; path = H4XOR_NewsUITests.swift; sourceTree = "<group>"; };
		53C71BB526F309E600E286B4 /* Info.plist */ = {isa = PBXFileReference; lastKnownFileType = text.plist.xml; path = Info.plist; sourceTree = "<group>"; };
		53C71BC226F30DF700E286B4 /* NetworkManager.swift */ = {isa = PBXFileReference; lastKnownFileType = sourcecode.swift; path = NetworkManager.swift; sourceTree = "<group>"; };
		53C71BC426F30F6100E286B4 /* PostData.swift */ = {isa = PBXFileReference; lastKnownFileType = sourcecode.swift; path = PostData.swift; sourceTree = "<group>"; };
		53C71BC726F3169300E286B4 /* DetailView.swift */ = {isa = PBXFileReference; lastKnownFileType = sourcecode.swift; path = DetailView.swift; sourceTree = "<group>"; };
		53C71BC926F3190D00E286B4 /* WebView.swift */ = {isa = PBXFileReference; lastKnownFileType = sourcecode.swift; path = WebView.swift; sourceTree = "<group>"; };
/* End PBXFileReference section */

/* Begin PBXFrameworksBuildPhase section */
		53C71B8B26F309E400E286B4 /* Frameworks */ = {
			isa = PBXFrameworksBuildPhase;
			buildActionMask = 2147483647;
			files = (
			);
			runOnlyForDeploymentPostprocessing = 0;
		};
		53C71BA126F309E500E286B4 /* Frameworks */ = {
			isa = PBXFrameworksBuildPhase;
			buildActionMask = 2147483647;
			files = (
			);
			runOnlyForDeploymentPostprocessing = 0;
		};
		53C71BAC26F309E600E286B4 /* Frameworks */ = {
			isa = PBXFrameworksBuildPhase;
			buildActionMask = 2147483647;
			files = (
			);
			runOnlyForDeploymentPostprocessing = 0;
		};
/* End PBXFrameworksBuildPhase section */

/* Begin PBXGroup section */
		53C71B8526F309E400E286B4 = {
			isa = PBXGroup;
			children = (
				53C71B9026F309E400E286B4 /* H4XOR News */,
				53C71BA726F309E600E286B4 /* H4XOR NewsTests */,
				53C71BB226F309E600E286B4 /* H4XOR NewsUITests */,
				53C71B8F26F309E400E286B4 /* Products */,
			);
			sourceTree = "<group>";
		};
		53C71B8F26F309E400E286B4 /* Products */ = {
			isa = PBXGroup;
			children = (
				53C71B8E26F309E400E286B4 /* H4XOR News.app */,
				53C71BA426F309E500E286B4 /* H4XOR NewsTests.xctest */,
				53C71BAF26F309E600E286B4 /* H4XOR NewsUITests.xctest */,
			);
			name = Products;
			sourceTree = "<group>";
		};
		53C71B9026F309E400E286B4 /* H4XOR News */ = {
			isa = PBXGroup;
			children = (
				53C71B9126F309E400E286B4 /* AppDelegate.swift */,
				53C71B9326F309E400E286B4 /* SceneDelegate.swift */,
				53C71BC626F3168100E286B4 /* Views */,
				53C71B9726F309E500E286B4 /* Assets.xcassets */,
				53C71BC126F30DE500E286B4 /* Models */,
				53C71B9C26F309E500E286B4 /* LaunchScreen.storyboard */,
				53C71B9F26F309E500E286B4 /* Info.plist */,
				53C71B9926F309E500E286B4 /* Preview Content */,
			);
			path = "H4XOR News";
			sourceTree = "<group>";
		};
		53C71B9926F309E500E286B4 /* Preview Content */ = {
			isa = PBXGroup;
			children = (
				53C71B9A26F309E500E286B4 /* Preview Assets.xcassets */,
			);
			path = "Preview Content";
			sourceTree = "<group>";
		};
		53C71BA726F309E600E286B4 /* H4XOR NewsTests */ = {
			isa = PBXGroup;
			children = (
				53C71BA826F309E600E286B4 /* H4XOR_NewsTests.swift */,
				53C71BAA26F309E600E286B4 /* Info.plist */,
			);
			path = "H4XOR NewsTests";
			sourceTree = "<group>";
		};
		53C71BB226F309E600E286B4 /* H4XOR NewsUITests */ = {
			isa = PBXGroup;
			children = (
				53C71BB326F309E600E286B4 /* H4XOR_NewsUITests.swift */,
				53C71BB526F309E600E286B4 /* Info.plist */,
			);
			path = "H4XOR NewsUITests";
			sourceTree = "<group>";
		};
		53C71BC126F30DE500E286B4 /* Models */ = {
			isa = PBXGroup;
			children = (
				53C71BC226F30DF700E286B4 /* NetworkManager.swift */,
				53C71BC426F30F6100E286B4 /* PostData.swift */,
			);
			path = Models;
			sourceTree = "<group>";
		};
		53C71BC626F3168100E286B4 /* Views */ = {
			isa = PBXGroup;
			children = (
				53C71B9526F309E400E286B4 /* ContentView.swift */,
				53C71BC726F3169300E286B4 /* DetailView.swift */,
				53C71BC926F3190D00E286B4 /* WebView.swift */,
			);
			path = Views;
			sourceTree = "<group>";
		};
/* End PBXGroup section */

/* Begin PBXNativeTarget section */
		53C71B8D26F309E400E286B4 /* H4XOR News */ = {
			isa = PBXNativeTarget;
			buildConfigurationList = 53C71BB826F309E600E286B4 /* Build configuration list for PBXNativeTarget "H4XOR News" */;
			buildPhases = (
				53C71B8A26F309E400E286B4 /* Sources */,
				53C71B8B26F309E400E286B4 /* Frameworks */,
				53C71B8C26F309E400E286B4 /* Resources */,
			);
			buildRules = (
			);
			dependencies = (
			);
			name = "H4XOR News";
			productName = "H4XOR News";
			productReference = 53C71B8E26F309E400E286B4 /* H4XOR News.app */;
			productType = "com.apple.product-type.application";
		};
		53C71BA326F309E500E286B4 /* H4XOR NewsTests */ = {
			isa = PBXNativeTarget;
			buildConfigurationList = 53C71BBB26F309E600E286B4 /* Build configuration list for PBXNativeTarget "H4XOR NewsTests" */;
			buildPhases = (
				53C71BA026F309E500E286B4 /* Sources */,
				53C71BA126F309E500E286B4 /* Frameworks */,
				53C71BA226F309E500E286B4 /* Resources */,
			);
			buildRules = (
			);
			dependencies = (
				53C71BA626F309E600E286B4 /* PBXTargetDependency */,
			);
			name = "H4XOR NewsTests";
			productName = "H4XOR NewsTests";
			productReference = 53C71BA426F309E500E286B4 /* H4XOR NewsTests.xctest */;
			productType = "com.apple.product-type.bundle.unit-test";
		};
		53C71BAE26F309E600E286B4 /* H4XOR NewsUITests */ = {
			isa = PBXNativeTarget;
			buildConfigurationList = 53C71BBE26F309E600E286B4 /* Build configuration list for PBXNativeTarget "H4XOR NewsUITests" */;
			buildPhases = (
				53C71BAB26F309E600E286B4 /* Sources */,
				53C71BAC26F309E600E286B4 /* Frameworks */,
				53C71BAD26F309E600E286B4 /* Resources */,
			);
			buildRules = (
			);
			dependencies = (
				53C71BB126F309E600E286B4 /* PBXTargetDependency */,
			);
			name = "H4XOR NewsUITests";
			productName = "H4XOR NewsUITests";
			productReference = 53C71BAF26F309E600E286B4 /* H4XOR NewsUITests.xctest */;
			productType = "com.apple.product-type.bundle.ui-testing";
		};
/* End PBXNativeTarget section */

/* Begin PBXProject section */
		53C71B8626F309E400E286B4 /* Project object */ = {
			isa = PBXProject;
			attributes = {
				LastSwiftUpdateCheck = 1250;
				LastUpgradeCheck = 1250;
				TargetAttributes = {
					53C71B8D26F309E400E286B4 = {
						CreatedOnToolsVersion = 12.5;
					};
					53C71BA326F309E500E286B4 = {
						CreatedOnToolsVersion = 12.5;
						TestTargetID = 53C71B8D26F309E400E286B4;
					};
					53C71BAE26F309E600E286B4 = {
						CreatedOnToolsVersion = 12.5;
						TestTargetID = 53C71B8D26F309E400E286B4;
					};
				};
			};
			buildConfigurationList = 53C71B8926F309E400E286B4 /* Build configuration list for PBXProject "H4XOR News" */;
			compatibilityVersion = "Xcode 9.3";
			developmentRegion = en;
			hasScannedForEncodings = 0;
			knownRegions = (
				en,
				Base,
			);
			mainGroup = 53C71B8526F309E400E286B4;
			productRefGroup = 53C71B8F26F309E400E286B4 /* Products */;
			projectDirPath = "";
			projectRoot = "";
			targets = (
				53C71B8D26F309E400E286B4 /* H4XOR News */,
				53C71BA326F309E500E286B4 /* H4XOR NewsTests */,
				53C71BAE26F309E600E286B4 /* H4XOR NewsUITests */,
			);
		};
/* End PBXProject section */

/* Begin PBXResourcesBuildPhase section */
		53C71B8C26F309E400E286B4 /* Resources */ = {
			isa = PBXResourcesBuildPhase;
			buildActionMask = 2147483647;
			files = (
				53C71B9E26F309E500E286B4 /* LaunchScreen.storyboard in Resources */,
				53C71B9B26F309E500E286B4 /* Preview Assets.xcassets in Resources */,
				53C71B9826F309E500E286B4 /* Assets.xcassets in Resources */,
			);
			runOnlyForDeploymentPostprocessing = 0;
		};
		53C71BA226F309E500E286B4 /* Resources */ = {
			isa = PBXResourcesBuildPhase;
			buildActionMask = 2147483647;
			files = (
			);
			runOnlyForDeploymentPostprocessing = 0;
		};
		53C71BAD26F309E600E286B4 /* Resources */ = {
			isa = PBXResourcesBuildPhase;
			buildActionMask = 2147483647;
			files = (
			);
			runOnlyForDeploymentPostprocessing = 0;
		};
/* End PBXResourcesBuildPhase section */

/* Begin PBXSourcesBuildPhase section */
		53C71B8A26F309E400E286B4 /* Sources */ = {
			isa = PBXSourcesBuildPhase;
			buildActionMask = 2147483647;
			files = (
				53C71BC526F30F6200E286B4 /* PostData.swift in Sources */,
				53C71BC826F3169300E286B4 /* DetailView.swift in Sources */,
				53C71BC326F30DF700E286B4 /* NetworkManager.swift in Sources */,
				53C71B9226F309E400E286B4 /* AppDelegate.swift in Sources */,
				53C71B9426F309E400E286B4 /* SceneDelegate.swift in Sources */,
				53C71B9626F309E400E286B4 /* ContentView.swift in Sources */,
				53C71BCA26F3190D00E286B4 /* WebView.swift in Sources */,
			);
			runOnlyForDeploymentPostprocessing = 0;
		};
		53C71BA026F309E500E286B4 /* Sources */ = {
			isa = PBXSourcesBuildPhase;
			buildActionMask = 2147483647;
			files = (
				53C71BA926F309E600E286B4 /* H4XOR_NewsTests.swift in Sources */,
			);
			runOnlyForDeploymentPostprocessing = 0;
		};
		53C71BAB26F309E600E286B4 /* Sources */ = {
			isa = PBXSourcesBuildPhase;
			buildActionMask = 2147483647;
			files = (
				53C71BB426F309E600E286B4 /* H4XOR_NewsUITests.swift in Sources */,
			);
			runOnlyForDeploymentPostprocessing = 0;
		};
/* End PBXSourcesBuildPhase section */

/* Begin PBXTargetDependency section */
		53C71BA626F309E600E286B4 /* PBXTargetDependency */ = {
			isa = PBXTargetDependency;
			target = 53C71B8D26F309E400E286B4 /* H4XOR News */;
			targetProxy = 53C71BA526F309E600E286B4 /* PBXContainerItemProxy */;
		};
		53C71BB126F309E600E286B4 /* PBXTargetDependency */ = {
			isa = PBXTargetDependency;
			target = 53C71B8D26F309E400E286B4 /* H4XOR News */;
			targetProxy = 53C71BB026F309E600E286B4 /* PBXContainerItemProxy */;
		};
/* End PBXTargetDependency section */

/* Begin PBXVariantGroup section */
		53C71B9C26F309E500E286B4 /* LaunchScreen.storyboard */ = {
			isa = PBXVariantGroup;
			children = (
				53C71B9D26F309E500E286B4 /* Base */,
			);
			name = LaunchScreen.storyboard;
			sourceTree = "<group>";
		};
/* End PBXVariantGroup section */

/* Begin XCBuildConfiguration section */
		53C71BB626F309E600E286B4 /* Debug */ = {
			isa = XCBuildConfiguration;
			buildSettings = {
				ALWAYS_SEARCH_USER_PATHS = NO;
				CLANG_ANALYZER_NONNULL = YES;
				CLANG_ANALYZER_NUMBER_OBJECT_CONVERSION = YES_AGGRESSIVE;
				CLANG_CXX_LANGUAGE_STANDARD = "gnu++14";
				CLANG_CXX_LIBRARY = "libc++";
				CLANG_ENABLE_MODULES = YES;
				CLANG_ENABLE_OBJC_ARC = YES;
				CLANG_ENABLE_OBJC_WEAK = YES;
				CLANG_WARN_BLOCK_CAPTURE_AUTORELEASING = YES;
				CLANG_WARN_BOOL_CONVERSION = YES;
				CLANG_WARN_COMMA = YES;
				CLANG_WARN_CONSTANT_CONVERSION = YES;
				CLANG_WARN_DEPRECATED_OBJC_IMPLEMENTATIONS = YES;
				CLANG_WARN_DIRECT_OBJC_ISA_USAGE = YES_ERROR;
				CLANG_WARN_DOCUMENTATION_COMMENTS = YES;
				CLANG_WARN_EMPTY_BODY = YES;
				CLANG_WARN_ENUM_CONVERSION = YES;
				CLANG_WARN_INFINITE_RECURSION = YES;
				CLANG_WARN_INT_CONVERSION = YES;
				CLANG_WARN_NON_LITERAL_NULL_CONVERSION = YES;
				CLANG_WARN_OBJC_IMPLICIT_RETAIN_SELF = YES;
				CLANG_WARN_OBJC_LITERAL_CONVERSION = YES;
				CLANG_WARN_OBJC_ROOT_CLASS = YES_ERROR;
				CLANG_WARN_QUOTED_INCLUDE_IN_FRAMEWORK_HEADER = YES;
				CLANG_WARN_RANGE_LOOP_ANALYSIS = YES;
				CLANG_WARN_STRICT_PROTOTYPES = YES;
				CLANG_WARN_SUSPICIOUS_MOVE = YES;
				CLANG_WARN_UNGUARDED_AVAILABILITY = YES_AGGRESSIVE;
				CLANG_WARN_UNREACHABLE_CODE = YES;
				CLANG_WARN__DUPLICATE_METHOD_MATCH = YES;
				COPY_PHASE_STRIP = NO;
				DEBUG_INFORMATION_FORMAT = dwarf;
				ENABLE_STRICT_OBJC_MSGSEND = YES;
				ENABLE_TESTABILITY = YES;
				GCC_C_LANGUAGE_STANDARD = gnu11;
				GCC_DYNAMIC_NO_PIC = NO;
				GCC_NO_COMMON_BLOCKS = YES;
				GCC_OPTIMIZATION_LEVEL = 0;
				GCC_PREPROCESSOR_DEFINITIONS = (
					"DEBUG=1",
					"$(inherited)",
				);
				GCC_WARN_64_TO_32_BIT_CONVERSION = YES;
				GCC_WARN_ABOUT_RETURN_TYPE = YES_ERROR;
				GCC_WARN_UNDECLARED_SELECTOR = YES;
				GCC_WARN_UNINITIALIZED_AUTOS = YES_AGGRESSIVE;
				GCC_WARN_UNUSED_FUNCTION = YES;
				GCC_WARN_UNUSED_VARIABLE = YES;
				IPHONEOS_DEPLOYMENT_TARGET = 14.5;
				MTL_ENABLE_DEBUG_INFO = INCLUDE_SOURCE;
				MTL_FAST_MATH = YES;
				ONLY_ACTIVE_ARCH = YES;
				SDKROOT = iphoneos;
				SWIFT_ACTIVE_COMPILATION_CONDITIONS = DEBUG;
				SWIFT_OPTIMIZATION_LEVEL = "-Onone";
			};
			name = Debug;
		};
		53C71BB726F309E600E286B4 /* Release */ = {
			isa = XCBuildConfiguration;
			buildSettings = {
				ALWAYS_SEARCH_USER_PATHS = NO;
				CLANG_ANALYZER_NONNULL = YES;
				CLANG_ANALYZER_NUMBER_OBJECT_CONVERSION = YES_AGGRESSIVE;
				CLANG_CXX_LANGUAGE_STANDARD = "gnu++14";
				CLANG_CXX_LIBRARY = "libc++";
				CLANG_ENABLE_MODULES = YES;
				CLANG_ENABLE_OBJC_ARC = YES;
				CLANG_ENABLE_OBJC_WEAK = YES;
				CLANG_WARN_BLOCK_CAPTURE_AUTORELEASING = YES;
				CLANG_WARN_BOOL_CONVERSION = YES;
				CLANG_WARN_COMMA = YES;
				CLANG_WARN_CONSTANT_CONVERSION = YES;
				CLANG_WARN_DEPRECATED_OBJC_IMPLEMENTATIONS = YES;
				CLANG_WARN_DIRECT_OBJC_ISA_USAGE = YES_ERROR;
				CLANG_WARN_DOCUMENTATION_COMMENTS = YES;
				CLANG_WARN_EMPTY_BODY = YES;
				CLANG_WARN_ENUM_CONVERSION = YES;
				CLANG_WARN_INFINITE_RECURSION = YES;
				CLANG_WARN_INT_CONVERSION = YES;
				CLANG_WARN_NON_LITERAL_NULL_CONVERSION = YES;
				CLANG_WARN_OBJC_IMPLICIT_RETAIN_SELF = YES;
				CLANG_WARN_OBJC_LITERAL_CONVERSION = YES;
				CLANG_WARN_OBJC_ROOT_CLASS = YES_ERROR;
				CLANG_WARN_QUOTED_INCLUDE_IN_FRAMEWORK_HEADER = YES;
				CLANG_WARN_RANGE_LOOP_ANALYSIS = YES;
				CLANG_WARN_STRICT_PROTOTYPES = YES;
				CLANG_WARN_SUSPICIOUS_MOVE = YES;
				CLANG_WARN_UNGUARDED_AVAILABILITY = YES_AGGRESSIVE;
				CLANG_WARN_UNREACHABLE_CODE = YES;
				CLANG_WARN__DUPLICATE_METHOD_MATCH = YES;
				COPY_PHASE_STRIP = NO;
				DEBUG_INFORMATION_FORMAT = "dwarf-with-dsym";
				ENABLE_NS_ASSERTIONS = NO;
				ENABLE_STRICT_OBJC_MSGSEND = YES;
				GCC_C_LANGUAGE_STANDARD = gnu11;
				GCC_NO_COMMON_BLOCKS = YES;
				GCC_WARN_64_TO_32_BIT_CONVERSION = YES;
				GCC_WARN_ABOUT_RETURN_TYPE = YES_ERROR;
				GCC_WARN_UNDECLARED_SELECTOR = YES;
				GCC_WARN_UNINITIALIZED_AUTOS = YES_AGGRESSIVE;
				GCC_WARN_UNUSED_FUNCTION = YES;
				GCC_WARN_UNUSED_VARIABLE = YES;
				IPHONEOS_DEPLOYMENT_TARGET = 14.5;
				MTL_ENABLE_DEBUG_INFO = NO;
				MTL_FAST_MATH = YES;
				SDKROOT = iphoneos;
				SWIFT_COMPILATION_MODE = wholemodule;
				SWIFT_OPTIMIZATION_LEVEL = "-O";
				VALIDATE_PRODUCT = YES;
			};
			name = Release;
		};
		53C71BB926F309E600E286B4 /* Debug */ = {
			isa = XCBuildConfiguration;
			buildSettings = {
				ASSETCATALOG_COMPILER_APPICON_NAME = AppIcon;
				ASSETCATALOG_COMPILER_GLOBAL_ACCENT_COLOR_NAME = AccentColor;
				CODE_SIGN_STYLE = Automatic;
				DEVELOPMENT_ASSET_PATHS = "\"H4XOR News/Preview Content\"";
				ENABLE_PREVIEWS = YES;
				INFOPLIST_FILE = "H4XOR News/Info.plist";
				LD_RUNPATH_SEARCH_PATHS = (
					"$(inherited)",
					"@executable_path/Frameworks",
				);
				PRODUCT_BUNDLE_IDENTIFIER = "com.minjae.H4XOR-News";
				PRODUCT_NAME = "$(TARGET_NAME)";
				SWIFT_VERSION = 5.0;
				TARGETED_DEVICE_FAMILY = "1,2";
			};
			name = Debug;
		};
		53C71BBA26F309E600E286B4 /* Release */ = {
			isa = XCBuildConfiguration;
			buildSettings = {
				ASSETCATALOG_COMPILER_APPICON_NAME = AppIcon;
				ASSETCATALOG_COMPILER_GLOBAL_ACCENT_COLOR_NAME = AccentColor;
				CODE_SIGN_STYLE = Automatic;
				DEVELOPMENT_ASSET_PATHS = "\"H4XOR News/Preview Content\"";
				ENABLE_PREVIEWS = YES;
				INFOPLIST_FILE = "H4XOR News/Info.plist";
				LD_RUNPATH_SEARCH_PATHS = (
					"$(inherited)",
					"@executable_path/Frameworks",
				);
				PRODUCT_BUNDLE_IDENTIFIER = "com.minjae.H4XOR-News";
				PRODUCT_NAME = "$(TARGET_NAME)";
				SWIFT_VERSION = 5.0;
				TARGETED_DEVICE_FAMILY = "1,2";
			};
			name = Release;
		};
		53C71BBC26F309E600E286B4 /* Debug */ = {
			isa = XCBuildConfiguration;
			buildSettings = {
				ALWAYS_EMBED_SWIFT_STANDARD_LIBRARIES = YES;
				BUNDLE_LOADER = "$(TEST_HOST)";
				CODE_SIGN_STYLE = Automatic;
				INFOPLIST_FILE = "H4XOR NewsTests/Info.plist";
				IPHONEOS_DEPLOYMENT_TARGET = 14.5;
				LD_RUNPATH_SEARCH_PATHS = (
					"$(inherited)",
					"@executable_path/Frameworks",
					"@loader_path/Frameworks",
				);
				PRODUCT_BUNDLE_IDENTIFIER = "com.minjae.H4XOR-NewsTests";
				PRODUCT_NAME = "$(TARGET_NAME)";
				SWIFT_VERSION = 5.0;
				TARGETED_DEVICE_FAMILY = "1,2";
				TEST_HOST = "$(BUILT_PRODUCTS_DIR)/H4XOR News.app/H4XOR News";
			};
			name = Debug;
		};
		53C71BBD26F309E600E286B4 /* Release */ = {
			isa = XCBuildConfiguration;
			buildSettings = {
				ALWAYS_EMBED_SWIFT_STANDARD_LIBRARIES = YES;
				BUNDLE_LOADER = "$(TEST_HOST)";
				CODE_SIGN_STYLE = Automatic;
				INFOPLIST_FILE = "H4XOR NewsTests/Info.plist";
				IPHONEOS_DEPLOYMENT_TARGET = 14.5;
				LD_RUNPATH_SEARCH_PATHS = (
					"$(inherited)",
					"@executable_path/Frameworks",
					"@loader_path/Frameworks",
				);
				PRODUCT_BUNDLE_IDENTIFIER = "com.minjae.H4XOR-NewsTests";
				PRODUCT_NAME = "$(TARGET_NAME)";
				SWIFT_VERSION = 5.0;
				TARGETED_DEVICE_FAMILY = "1,2";
				TEST_HOST = "$(BUILT_PRODUCTS_DIR)/H4XOR News.app/H4XOR News";
			};
			name = Release;
		};
		53C71BBF26F309E600E286B4 /* Debug */ = {
			isa = XCBuildConfiguration;
			buildSettings = {
				ALWAYS_EMBED_SWIFT_STANDARD_LIBRARIES = YES;
				CODE_SIGN_STYLE = Automatic;
				INFOPLIST_FILE = "H4XOR NewsUITests/Info.plist";
				LD_RUNPATH_SEARCH_PATHS = (
					"$(inherited)",
					"@executable_path/Frameworks",
					"@loader_path/Frameworks",
				);
				PRODUCT_BUNDLE_IDENTIFIER = "com.minjae.H4XOR-NewsUITests";
				PRODUCT_NAME = "$(TARGET_NAME)";
				SWIFT_VERSION = 5.0;
				TARGETED_DEVICE_FAMILY = "1,2";
				TEST_TARGET_NAME = "H4XOR News";
			};
			name = Debug;
		};
		53C71BC026F309E600E286B4 /* Release */ = {
			isa = XCBuildConfiguration;
			buildSettings = {
				ALWAYS_EMBED_SWIFT_STANDARD_LIBRARIES = YES;
				CODE_SIGN_STYLE = Automatic;
				INFOPLIST_FILE = "H4XOR NewsUITests/Info.plist";
				LD_RUNPATH_SEARCH_PATHS = (
					"$(inherited)",
					"@executable_path/Frameworks",
					"@loader_path/Frameworks",
				);
				PRODUCT_BUNDLE_IDENTIFIER = "com.minjae.H4XOR-NewsUITests";
				PRODUCT_NAME = "$(TARGET_NAME)";
				SWIFT_VERSION = 5.0;
				TARGETED_DEVICE_FAMILY = "1,2";
				TEST_TARGET_NAME = "H4XOR News";
			};
			name = Release;
		};
/* End XCBuildConfiguration section */

/* Begin XCConfigurationList section */
		53C71B8926F309E400E286B4 /* Build configuration list for PBXProject "H4XOR News" */ = {
			isa = XCConfigurationList;
			buildConfigurations = (
				53C71BB626F309E600E286B4 /* Debug */,
				53C71BB726F309E600E286B4 /* Release */,
			);
			defaultConfigurationIsVisible = 0;
			defaultConfigurationName = Release;
		};
		53C71BB826F309E600E286B4 /* Build configuration list for PBXNativeTarget "H4XOR News" */ = {
			isa = XCConfigurationList;
			buildConfigurations = (
				53C71BB926F309E600E286B4 /* Debug */,
				53C71BBA26F309E600E286B4 /* Release */,
			);
			defaultConfigurationIsVisible = 0;
			defaultConfigurationName = Release;
		};
		53C71BBB26F309E600E286B4 /* Build configuration list for PBXNativeTarget "H4XOR NewsTests" */ = {
			isa = XCConfigurationList;
			buildConfigurations = (
				53C71BBC26F309E600E286B4 /* Debug */,
				53C71BBD26F309E600E286B4 /* Release */,
			);
			defaultConfigurationIsVisible = 0;
			defaultConfigurationName = Release;
		};
		53C71BBE26F309E600E286B4 /* Build configuration list for PBXNativeTarget "H4XOR NewsUITests" */ = {
			isa = XCConfigurationList;
			buildConfigurations = (
				53C71BBF26F309E600E286B4 /* Debug */,
				53C71BC026F309E600E286B4 /* Release */,
			);
			defaultConfigurationIsVisible = 0;
			defaultConfigurationName = Release;
		};
/* End XCConfigurationList section */
	};
	rootObject = 53C71B8626F309E400E286B4 /* Project object */;
}
